
Microsoft Visual Studio Solution File, Format Version 12.00
# Visual Studio Version 16
VisualStudioVersion = 16.0.33214.272
MinimumVisualStudioVersion = 10.0.40219.1
Project("{FAE04EC0-301F-11D3-BF4B-00C04F79EFBC}") = "dotnetAPI", "dotnetAPI.csproj", "{6FAD2CF4-BE98-4B72-90B9-5F67EC7A392E}"
EndProject
Global
	GlobalSection(SolutionConfigurationPlatforms) = preSolution
		Debug|Any CPU = Debug|Any CPU
		Release|Any CPU = Release|Any CPU
	EndGlobalSection
	GlobalSection(ProjectConfigurationPlatforms) = postSolution
		{6FAD2CF4-BE98-4B72-90B9-5F67EC7A392E}.Debug|Any CPU.ActiveCfg = Debug|Any CPU
		{6FAD2CF4-BE98-4B72-90B9-5F67EC7A392E}.Debug|Any CPU.Build.0 = Debug|Any CPU
		{6FAD2CF4-BE98-4B72-90B9-5F67EC7A392E}.Release|Any CPU.ActiveCfg = Release|Any CPU
		{6FAD2CF4-BE98-4B72-90B9-5F67EC7A392E}.Release|Any CPU.Build.0 = Release|Any CPU
	EndGlobalSection
	GlobalSection(SolutionProperties) = preSolution
		HideSolutionNode = FALSE
	EndGlobalSection
	GlobalSection(ExtensibilityGlobals) = postSolution
		SolutionGuid = {B748CB5B-1EC8-4096-A142-BCEE27A0F13A}
	EndGlobalSection
EndGlobal
